
Microsoft Visual Studio Solution File, Format Version 12.00
# Visual Studio Version 16
VisualStudioVersion = 25.0.1704.5
MinimumVisualStudioVersion = 10.0.40219.1
Project("{FAE04EC0-301F-11D3-BF4B-00C04F79EFBC}") = "HDRThumbnail.EXE", "HDRThumbnail\HDRThumbnail.EXE.csproj", "{671300E6-D3EA-48E9-B120-DD745D362FA4}"
EndProject
Project("{FAE04EC0-301F-11D3-BF4B-00C04F79EFBC}") = "HDRThumbnail", "HDRThumbnail.lib\HDRThumbnail.csproj", "{AE0EE294-0763-457B-B028-2E54FE0B3A64}"
EndProject
Global
	GlobalSection(SolutionConfigurationPlatforms) = preSolution
		Debug|Any CPU = Debug|Any CPU
		Release|Any CPU = Release|Any CPU
	EndGlobalSection
	GlobalSection(ProjectConfigurationPlatforms) = postSolution
		{671300E6-D3EA-48E9-B120-DD745D362FA4}.Debug|Any CPU.ActiveCfg = Debug|Any CPU
		{671300E6-D3EA-48E9-B120-DD745D362FA4}.Debug|Any CPU.Build.0 = Debug|Any CPU
		{671300E6-D3EA-48E9-B120-DD745D362FA4}.Release|Any CPU.ActiveCfg = Release|Any CPU
		{671300E6-D3EA-48E9-B120-DD745D362FA4}.Release|Any CPU.Build.0 = Release|Any CPU
		{AE0EE294-0763-457B-B028-2E54FE0B3A64}.Debug|Any CPU.ActiveCfg = Debug|Any CPU
		{AE0EE294-0763-457B-B028-2E54FE0B3A64}.Debug|Any CPU.Build.0 = Debug|Any CPU
		{AE0EE294-0763-457B-B028-2E54FE0B3A64}.Release|Any CPU.ActiveCfg = Release|Any CPU
		{AE0EE294-0763-457B-B028-2E54FE0B3A64}.Release|Any CPU.Build.0 = Release|Any CPU
	EndGlobalSection
	GlobalSection(SolutionProperties) = preSolution
		HideSolutionNode = FALSE
	EndGlobalSection
	GlobalSection(ExtensibilityGlobals) = postSolution
		SolutionGuid = {6719380D-DCAA-4E76-888D-7E7797DA31A9}
	EndGlobalSection
EndGlobal
